
Microsoft Visual Studio Solution File, Format Version 11.00
# Visual Studio 2010
Project("{FAE04EC0-301F-11D3-BF4B-00C04F79EFBC}") = "APIManage", "APIManage\APIManage.csproj", "{5249ABF1-3132-4CE6-9635-2CDB3E14B858}"
EndProject
Project("{FAE04EC0-301F-11D3-BF4B-00C04F79EFBC}") = "Util", "Util\Util.csproj", "{676584E1-11BA-4F20-9892-DAC974897018}"
EndProject
Project("{FAE04EC0-301F-11D3-BF4B-00C04F79EFBC}") = "CoreHandle", "CoreHandle\CoreHandle.csproj", "{D60C50A9-E530-4CF0-90B7-69C589CC409B}"
EndProject
Project("{FAE04EC0-301F-11D3-BF4B-00C04F79EFBC}") = "Web", "Web\Web.csproj", "{A25A3978-3276-4636-BF51-D7EB3EB46EC9}"
EndProject
Project("{FAE04EC0-301F-11D3-BF4B-00C04F79EFBC}") = "Bill", "Bill\Bill.csproj", "{1751E85A-2038-4DC0-AAB0-E83FEC77782E}"
EndProject
Project("{FAE04EC0-301F-11D3-BF4B-00C04F79EFBC}") = "BaseTools", "BaseTools\BaseTools.csproj", "{AC9ADCDD-0961-4570-8A7E-AC78C8D9B058}"
EndProject
Global
	GlobalSection(SolutionConfigurationPlatforms) = preSolution
		Debug|Any CPU = Debug|Any CPU
		Release|Any CPU = Release|Any CPU
	EndGlobalSection
	GlobalSection(ProjectConfigurationPlatforms) = postSolution
		{5249ABF1-3132-4CE6-9635-2CDB3E14B858}.Debug|Any CPU.ActiveCfg = Debug|Any CPU
		{5249ABF1-3132-4CE6-9635-2CDB3E14B858}.Debug|Any CPU.Build.0 = Debug|Any CPU
		{5249ABF1-3132-4CE6-9635-2CDB3E14B858}.Release|Any CPU.ActiveCfg = Release|Any CPU
		{5249ABF1-3132-4CE6-9635-2CDB3E14B858}.Release|Any CPU.Build.0 = Release|Any CPU
		{676584E1-11BA-4F20-9892-DAC974897018}.Debug|Any CPU.ActiveCfg = Debug|Any CPU
		{676584E1-11BA-4F20-9892-DAC974897018}.Debug|Any CPU.Build.0 = Debug|Any CPU
		{676584E1-11BA-4F20-9892-DAC974897018}.Release|Any CPU.ActiveCfg = Release|Any CPU
		{676584E1-11BA-4F20-9892-DAC974897018}.Release|Any CPU.Build.0 = Release|Any CPU
		{D60C50A9-E530-4CF0-90B7-69C589CC409B}.Debug|Any CPU.ActiveCfg = Debug|Any CPU
		{D60C50A9-E530-4CF0-90B7-69C589CC409B}.Debug|Any CPU.Build.0 = Debug|Any CPU
		{D60C50A9-E530-4CF0-90B7-69C589CC409B}.Release|Any CPU.ActiveCfg = Release|Any CPU
		{D60C50A9-E530-4CF0-90B7-69C589CC409B}.Release|Any CPU.Build.0 = Release|Any CPU
		{A25A3978-3276-4636-BF51-D7EB3EB46EC9}.Debug|Any CPU.ActiveCfg = Debug|Any CPU
		{A25A3978-3276-4636-BF51-D7EB3EB46EC9}.Debug|Any CPU.Build.0 = Debug|Any CPU
		{A25A3978-3276-4636-BF51-D7EB3EB46EC9}.Release|Any CPU.ActiveCfg = Release|Any CPU
		{A25A3978-3276-4636-BF51-D7EB3EB46EC9}.Release|Any CPU.Build.0 = Release|Any CPU
		{1751E85A-2038-4DC0-AAB0-E83FEC77782E}.Debug|Any CPU.ActiveCfg = Debug|Any CPU
		{1751E85A-2038-4DC0-AAB0-E83FEC77782E}.Debug|Any CPU.Build.0 = Debug|Any CPU
		{1751E85A-2038-4DC0-AAB0-E83FEC77782E}.Release|Any CPU.ActiveCfg = Release|Any CPU
		{1751E85A-2038-4DC0-AAB0-E83FEC77782E}.Release|Any CPU.Build.0 = Release|Any CPU
		{AC9ADCDD-0961-4570-8A7E-AC78C8D9B058}.Debug|Any CPU.ActiveCfg = Debug|Any CPU
		{AC9ADCDD-0961-4570-8A7E-AC78C8D9B058}.Debug|Any CPU.Build.0 = Debug|Any CPU
		{AC9ADCDD-0961-4570-8A7E-AC78C8D9B058}.Release|Any CPU.ActiveCfg = Release|Any CPU
		{AC9ADCDD-0961-4570-8A7E-AC78C8D9B058}.Release|Any CPU.Build.0 = Release|Any CPU
	EndGlobalSection
	GlobalSection(SolutionProperties) = preSolution
		HideSolutionNode = FALSE
	EndGlobalSection
EndGlobal
